
Microsoft Visual Studio Solution File, Format Version 12.00
# Visual Studio Version 16
VisualStudioVersion = 16.0.31025.194
MinimumVisualStudioVersion = 10.0.40219.1
Project("{9A19103F-16F7-4668-BE54-9A1E7A4F7556}") = "KnowMe.BizLayer", "KnowMe_BizLayer\KnowMe.BizLayer.csproj", "{293D373E-100C-44D1-B1D0-55DD7AA802F1}"
EndProject
Project("{2150E333-8FDC-42A3-9474-1A3956D46DE8}") = "Solution Items", "Solution Items", "{C1822FC5-3CC1-40EE-81B7-C14B842E2DA4}"
EndProject
Project("{9A19103F-16F7-4668-BE54-9A1E7A4F7556}") = "KnowMe.Bizlayer.Test", "KnowMe.Bizlayer.Test\KnowMe.Bizlayer.Test.csproj", "{9CAA1079-4AE4-4131-B79E-43B18134D1D5}"
EndProject
Project("{FAE04EC0-301F-11D3-BF4B-00C04F79EFBC}") = "KnowMe.DBLayer", "KnowMe.DBLayer\KnowMe.DBLayer.csproj", "{94BC1A97-FF84-4BC9-8527-68F67F767123}"
EndProject
Global
	GlobalSection(SolutionConfigurationPlatforms) = preSolution
		Debug|Any CPU = Debug|Any CPU
		Release|Any CPU = Release|Any CPU
	EndGlobalSection
	GlobalSection(ProjectConfigurationPlatforms) = postSolution
		{293D373E-100C-44D1-B1D0-55DD7AA802F1}.Debug|Any CPU.ActiveCfg = Debug|Any CPU
		{293D373E-100C-44D1-B1D0-55DD7AA802F1}.Debug|Any CPU.Build.0 = Debug|Any CPU
		{293D373E-100C-44D1-B1D0-55DD7AA802F1}.Release|Any CPU.ActiveCfg = Release|Any CPU
		{293D373E-100C-44D1-B1D0-55DD7AA802F1}.Release|Any CPU.Build.0 = Release|Any CPU
		{9CAA1079-4AE4-4131-B79E-43B18134D1D5}.Debug|Any CPU.ActiveCfg = Debug|Any CPU
		{9CAA1079-4AE4-4131-B79E-43B18134D1D5}.Debug|Any CPU.Build.0 = Debug|Any CPU
		{9CAA1079-4AE4-4131-B79E-43B18134D1D5}.Release|Any CPU.ActiveCfg = Release|Any CPU
		{9CAA1079-4AE4-4131-B79E-43B18134D1D5}.Release|Any CPU.Build.0 = Release|Any CPU
		{94BC1A97-FF84-4BC9-8527-68F67F767123}.Debug|Any CPU.ActiveCfg = Debug|Any CPU
		{94BC1A97-FF84-4BC9-8527-68F67F767123}.Debug|Any CPU.Build.0 = Debug|Any CPU
		{94BC1A97-FF84-4BC9-8527-68F67F767123}.Release|Any CPU.ActiveCfg = Release|Any CPU
		{94BC1A97-FF84-4BC9-8527-68F67F767123}.Release|Any CPU.Build.0 = Release|Any CPU
	EndGlobalSection
	GlobalSection(SolutionProperties) = preSolution
		HideSolutionNode = FALSE
	EndGlobalSection
	GlobalSection(ExtensibilityGlobals) = postSolution
		SolutionGuid = {4047527A-D69F-47AB-903A-B7B817D03B88}
	EndGlobalSection
EndGlobal
